
Microsoft Visual Studio Solution File, Format Version 12.00
# Visual Studio Version 17
VisualStudioVersion = 17.0.31903.59
MinimumVisualStudioVersion = 10.0.40219.1
Project("{FAE04EC0-301F-11D3-BF4B-00C04F79EFBC}") = "Advanced.Pathfinder", "Advanced.Pathfinder\Advanced.Pathfinder.csproj", "{FE014BE0-71EF-421A-9EDD-FE27B8B305B8}"
EndProject
Project("{FAE04EC0-301F-11D3-BF4B-00C04F79EFBC}") = "Advanced.Pathfinder.Core", "Advanced.Pathfinder.Core\Advanced.Pathfinder.Core.csproj", "{4C54BE88-0763-4266-BA94-F5BB7DC837B5}"
EndProject
Project("{FAE04EC0-301F-11D3-BF4B-00C04F79EFBC}") = "Advanced.Pathfinder.Provider", "Advanced.Pathfinder.Provider\Advanced.Pathfinder.Provider.csproj", "{5F51C530-469A-46C9-BF84-C8D07A31A40B}"
EndProject
Project("{FAE04EC0-301F-11D3-BF4B-00C04F79EFBC}") = "Advanced.Tests", "Advanced.Tests\Advanced.Tests.csproj", "{41CB14EF-05A1-469B-AF43-965C498DDA0F}"
EndProject
Project("{FAE04EC0-301F-11D3-BF4B-00C04F79EFBC}") = "Advanced.Pathfinder.Edge", "Advanced.Pathfinder.Edge\Advanced.Pathfinder.Edge.csproj", "{D0DE4315-DD22-46ED-B47B-256D28D3C121}"
EndProject
Project("{FAE04EC0-301F-11D3-BF4B-00C04F79EFBC}") = "Advanced.Pathfinder.Node", "Advanced.Pathfinder.Node\Advanced.Pathfinder.Node.csproj", "{C4E5994A-CDD7-4E1D-AE0B-C4EC92CE91BA}"
EndProject
Project("{FAE04EC0-301F-11D3-BF4B-00C04F79EFBC}") = "stuff.graph.net", "..\..\stuff.graph.net\src\stuff.graph.net\stuff.graph.net.csproj", "{2ADE553B-8452-4610-80E3-52ED3FEF69DA}"
EndProject
Project("{FAE04EC0-301F-11D3-BF4B-00C04F79EFBC}") = "Advanced.Pathfinder.CostManagement", "Advanced.Pathfinder.CostManagement\Advanced.Pathfinder.CostManagement.csproj", "{E7E8673E-CFA5-4550-ADB2-03202A1B92BF}"
EndProject
Global
	GlobalSection(SolutionConfigurationPlatforms) = preSolution
		Debug|Any CPU = Debug|Any CPU
		Release|Any CPU = Release|Any CPU
	EndGlobalSection
	GlobalSection(ProjectConfigurationPlatforms) = postSolution
		{FE014BE0-71EF-421A-9EDD-FE27B8B305B8}.Debug|Any CPU.ActiveCfg = Debug|Any CPU
		{FE014BE0-71EF-421A-9EDD-FE27B8B305B8}.Debug|Any CPU.Build.0 = Debug|Any CPU
		{FE014BE0-71EF-421A-9EDD-FE27B8B305B8}.Release|Any CPU.ActiveCfg = Release|Any CPU
		{FE014BE0-71EF-421A-9EDD-FE27B8B305B8}.Release|Any CPU.Build.0 = Release|Any CPU
		{4C54BE88-0763-4266-BA94-F5BB7DC837B5}.Debug|Any CPU.ActiveCfg = Debug|Any CPU
		{4C54BE88-0763-4266-BA94-F5BB7DC837B5}.Debug|Any CPU.Build.0 = Debug|Any CPU
		{4C54BE88-0763-4266-BA94-F5BB7DC837B5}.Release|Any CPU.ActiveCfg = Release|Any CPU
		{4C54BE88-0763-4266-BA94-F5BB7DC837B5}.Release|Any CPU.Build.0 = Release|Any CPU
		{5F51C530-469A-46C9-BF84-C8D07A31A40B}.Debug|Any CPU.ActiveCfg = Debug|Any CPU
		{5F51C530-469A-46C9-BF84-C8D07A31A40B}.Debug|Any CPU.Build.0 = Debug|Any CPU
		{5F51C530-469A-46C9-BF84-C8D07A31A40B}.Release|Any CPU.ActiveCfg = Release|Any CPU
		{5F51C530-469A-46C9-BF84-C8D07A31A40B}.Release|Any CPU.Build.0 = Release|Any CPU
		{41CB14EF-05A1-469B-AF43-965C498DDA0F}.Debug|Any CPU.ActiveCfg = Debug|Any CPU
		{41CB14EF-05A1-469B-AF43-965C498DDA0F}.Debug|Any CPU.Build.0 = Debug|Any CPU
		{41CB14EF-05A1-469B-AF43-965C498DDA0F}.Release|Any CPU.ActiveCfg = Release|Any CPU
		{41CB14EF-05A1-469B-AF43-965C498DDA0F}.Release|Any CPU.Build.0 = Release|Any CPU
		{D0DE4315-DD22-46ED-B47B-256D28D3C121}.Debug|Any CPU.ActiveCfg = Debug|Any CPU
		{D0DE4315-DD22-46ED-B47B-256D28D3C121}.Debug|Any CPU.Build.0 = Debug|Any CPU
		{D0DE4315-DD22-46ED-B47B-256D28D3C121}.Release|Any CPU.ActiveCfg = Release|Any CPU
		{D0DE4315-DD22-46ED-B47B-256D28D3C121}.Release|Any CPU.Build.0 = Release|Any CPU
		{C4E5994A-CDD7-4E1D-AE0B-C4EC92CE91BA}.Debug|Any CPU.ActiveCfg = Debug|Any CPU
		{C4E5994A-CDD7-4E1D-AE0B-C4EC92CE91BA}.Debug|Any CPU.Build.0 = Debug|Any CPU
		{C4E5994A-CDD7-4E1D-AE0B-C4EC92CE91BA}.Release|Any CPU.ActiveCfg = Release|Any CPU
		{C4E5994A-CDD7-4E1D-AE0B-C4EC92CE91BA}.Release|Any CPU.Build.0 = Release|Any CPU
		{2ADE553B-8452-4610-80E3-52ED3FEF69DA}.Debug|Any CPU.ActiveCfg = Debug|Any CPU
		{2ADE553B-8452-4610-80E3-52ED3FEF69DA}.Debug|Any CPU.Build.0 = Debug|Any CPU
		{2ADE553B-8452-4610-80E3-52ED3FEF69DA}.Release|Any CPU.ActiveCfg = Release|Any CPU
		{2ADE553B-8452-4610-80E3-52ED3FEF69DA}.Release|Any CPU.Build.0 = Release|Any CPU
		{E7E8673E-CFA5-4550-ADB2-03202A1B92BF}.Debug|Any CPU.ActiveCfg = Debug|Any CPU
		{E7E8673E-CFA5-4550-ADB2-03202A1B92BF}.Debug|Any CPU.Build.0 = Debug|Any CPU
		{E7E8673E-CFA5-4550-ADB2-03202A1B92BF}.Release|Any CPU.ActiveCfg = Release|Any CPU
		{E7E8673E-CFA5-4550-ADB2-03202A1B92BF}.Release|Any CPU.Build.0 = Release|Any CPU
	EndGlobalSection
	GlobalSection(SolutionProperties) = preSolution
		HideSolutionNode = FALSE
	EndGlobalSection
EndGlobal
